
Microsoft Visual Studio Solution File, Format Version 12.00
# Visual Studio Version 16
VisualStudioVersion = 16.0.31129.286
MinimumVisualStudioVersion = 10.0.40219.1
Project("{FAE04EC0-301F-11D3-BF4B-00C04F79EFBC}") = "EngenhariaReversaDb", "EngenhariaReversaDb\EngenhariaReversaDb.csproj", "{D2A06862-9606-4DF0-9826-A70B8FA7DBA1}"
EndProject
Project("{FAE04EC0-301F-11D3-BF4B-00C04F79EFBC}") = "EngenhariaReversaDb.Windows", "EngenhariaReversaDb.Windows\EngenhariaReversaDb.Windows.csproj", "{86ADC61B-A1D7-4337-8BD8-3EFEBD028200}"
EndProject
Global
	GlobalSection(SolutionConfigurationPlatforms) = preSolution
		Debug|Any CPU = Debug|Any CPU
		Release|Any CPU = Release|Any CPU
	EndGlobalSection
	GlobalSection(ProjectConfigurationPlatforms) = postSolution
		{D2A06862-9606-4DF0-9826-A70B8FA7DBA1}.Debug|Any CPU.ActiveCfg = Debug|Any CPU
		{D2A06862-9606-4DF0-9826-A70B8FA7DBA1}.Debug|Any CPU.Build.0 = Debug|Any CPU
		{D2A06862-9606-4DF0-9826-A70B8FA7DBA1}.Release|Any CPU.ActiveCfg = Release|Any CPU
		{D2A06862-9606-4DF0-9826-A70B8FA7DBA1}.Release|Any CPU.Build.0 = Release|Any CPU
		{86ADC61B-A1D7-4337-8BD8-3EFEBD028200}.Debug|Any CPU.ActiveCfg = Debug|Any CPU
		{86ADC61B-A1D7-4337-8BD8-3EFEBD028200}.Debug|Any CPU.Build.0 = Debug|Any CPU
		{86ADC61B-A1D7-4337-8BD8-3EFEBD028200}.Release|Any CPU.ActiveCfg = Release|Any CPU
		{86ADC61B-A1D7-4337-8BD8-3EFEBD028200}.Release|Any CPU.Build.0 = Release|Any CPU
	EndGlobalSection
	GlobalSection(SolutionProperties) = preSolution
		HideSolutionNode = FALSE
	EndGlobalSection
	GlobalSection(ExtensibilityGlobals) = postSolution
		SolutionGuid = {3F47E113-B215-4F25-B4DC-A9727BD0A459}
	EndGlobalSection
EndGlobal
